
Microsoft Visual Studio Solution File, Format Version 12.00
# Visual Studio Version 17
VisualStudioVersion = 17.6.33723.286
MinimumVisualStudioVersion = 10.0.40219.1
Project("{FAE04EC0-301F-11D3-BF4B-00C04F79EFBC}") = "Navigateur1", "Navigateur1\Navigateur1.csproj", "{4C3C07FB-C422-4995-A793-1A7CEB372F19}"
EndProject
Global
	GlobalSection(SolutionConfigurationPlatforms) = preSolution
		Debug|Any CPU = Debug|Any CPU
		Release|Any CPU = Release|Any CPU
	EndGlobalSection
	GlobalSection(ProjectConfigurationPlatforms) = postSolution
		{4C3C07FB-C422-4995-A793-1A7CEB372F19}.Debug|Any CPU.ActiveCfg = Debug|Any CPU
		{4C3C07FB-C422-4995-A793-1A7CEB372F19}.Debug|Any CPU.Build.0 = Debug|Any CPU
		{4C3C07FB-C422-4995-A793-1A7CEB372F19}.Release|Any CPU.ActiveCfg = Release|Any CPU
		{4C3C07FB-C422-4995-A793-1A7CEB372F19}.Release|Any CPU.Build.0 = Release|Any CPU
	EndGlobalSection
	GlobalSection(SolutionProperties) = preSolution
		HideSolutionNode = FALSE
	EndGlobalSection
	GlobalSection(ExtensibilityGlobals) = postSolution
		SolutionGuid = {077BD927-9757-472B-8A4C-4C2A762D6A74}
	EndGlobalSection
EndGlobal
